{
  "name": "Scaler-DSA",
  "version": "1.0.0",
  "lockfileVersion": 3,
  "requires": true,
  "packages": {
    "": {
      "name": "Scaler-DSA",
      "version": "1.0.0",
      "license": "MIT",
      "dependencies": {
        "datastructures-js": "^13.0.0"
      }
    },
    "node_modules/@datastructures-js/binary-search-tree": {
      "version": "5.4.0",
      "resolved": "https://registry.npmjs.org/@datastructures-js/binary-search-tree/-/binary-search-tree-5.4.0.tgz",
      "integrity": "sha512-dPmPRRgAEvfC1+xq9voBJcIanbXZbaOR1908R6RfhceXignnlCL1wX7LToPVHSKVCb+bGa+tAbK22cit0BLWDA==",
      "license": "MIT"
    },
    "node_modules/@datastructures-js/deque": {
      "version": "1.0.8",
      "resolved": "https://registry.npmjs.org/@datastructures-js/deque/-/deque-1.0.8.tgz",
      "integrity": "sha512-PSBhJ2/SmeRPRHuBv7i/fHWIdSC3JTyq56qb+Rq0wjOagi0/fdV5/B/3Md5zFZus/W6OkSPMaxMKKMNMrSmubg==",
      "license": "MIT"
    },
    "node_modules/@datastructures-js/graph": {
      "version": "5.3.1",
      "resolved": "https://registry.npmjs.org/@datastructures-js/graph/-/graph-5.3.1.tgz",
      "integrity": "sha512-tFuysPL+PKxaLitXcHeWZOwOwmSIaa5OzBh4CNSwYYnAVZRxItl50LiX432+AMo+WZLYpDEhTyXtLVlt3qtc9w==",
      "license": "MIT",
      "dependencies": {
        "@datastructures-js/queue": "^3.1.3"
      }
    },
    "node_modules/@datastructures-js/graph/node_modules/@datastructures-js/queue": {
      "version": "3.1.4",
      "resolved": "https://registry.npmjs.org/@datastructures-js/queue/-/queue-3.1.4.tgz",
      "integrity": "sha512-8QqkdAJQDDd25OBX28lKj7HXD+Cxs6Ee0ogJkZUjD5R1fAvRAWsrCeKop0szqANYjMwdQQd75vyc3Cm8qNJH+Q==",
      "license": "MIT"
    },
    "node_modules/@datastructures-js/heap": {
      "version": "4.3.7",
      "resolved": "https://registry.npmjs.org/@datastructures-js/heap/-/heap-4.3.7.tgz",
      "integrity": "sha512-Dx4un7Uj0dVxkfoq4RkpzsY2OrvNJgQYZ3n3UlGdl88RxxdHd7oTi21/l3zoxUUe0sXFuNUrfmWqlHzqnoN6Ug==",
      "license": "MIT"
    },
    "node_modules/@datastructures-js/linked-list": {
      "version": "6.1.4",
      "resolved": "https://registry.npmjs.org/@datastructures-js/linked-list/-/linked-list-6.1.4.tgz",
      "integrity": "sha512-lwM6KDBPgV9xxJMzozCqZzdofzc0fx8FPjNfrWDf8+u8Fm7zcjksvXrv6Z9dA2Kg40HZIUKqLPaQriqLhhAisg==",
      "license": "MIT"
    },
    "node_modules/@datastructures-js/priority-queue": {
      "version": "6.3.5",
      "resolved": "https://registry.npmjs.org/@datastructures-js/priority-queue/-/priority-queue-6.3.5.tgz",
      "integrity": "sha512-NmdmvLnkUyG67W6Iy8tP+865ILq5VDyZh90c8lHMOkYYydUNzOV0QNPCRAuj4AoHSm/V2DeuYvDKnvALaCwLvA==",
      "license": "MIT",
      "dependencies": {
        "@datastructures-js/heap": "^4.3.7"
      }
    },
    "node_modules/@datastructures-js/queue": {
      "version": "4.3.0",
      "resolved": "https://registry.npmjs.org/@datastructures-js/queue/-/queue-4.3.0.tgz",
      "integrity": "sha512-2RYt1+N4dtdcilwmB+A6j9HT/5MImHSK2UUjBA8WQAHoA2AEJC4YxJSSGhGTOBMyLMKpMiowwTrnB315YgtTrA==",
      "license": "MIT"
    },
    "node_modules/@datastructures-js/set": {
      "version": "4.2.2",
      "resolved": "https://registry.npmjs.org/@datastructures-js/set/-/set-4.2.2.tgz",
      "integrity": "sha512-6TilB1kZV3elcT3PiXnzBzjgf+HqcfcbyPjL3q7fubIpaKwFF1qSjJjzXdE7s8utA6ptyQrhQiU6knhVPcDZMA==",
      "license": "MIT"
    },
    "node_modules/@datastructures-js/stack": {
      "version": "3.1.6",
      "resolved": "https://registry.npmjs.org/@datastructures-js/stack/-/stack-3.1.6.tgz",
      "integrity": "sha512-HtArTBadxEK8j/whIuXanzoCj9VPz7BXJOn5n4ktr7K+DtGryrCLERZczbN35WujqEwIjIdVTTbxGoma1qGDuQ==",
      "license": "MIT"
    },
    "node_modules/@datastructures-js/trie": {
      "version": "4.2.3",
      "resolved": "https://registry.npmjs.org/@datastructures-js/trie/-/trie-4.2.3.tgz",
      "integrity": "sha512-4Iu2okR18BE3d/KQBKnpGZ+98cv/EwYl7wSwOU4yICxjSJfjUJixugBjh3kPhHe9Qf652qVDN/Ugp2dj4ak68w==",
      "license": "MIT"
    },
    "node_modules/datastructures-js": {
      "version": "13.0.0",
      "resolved": "https://registry.npmjs.org/datastructures-js/-/datastructures-js-13.0.0.tgz",
      "integrity": "sha512-3KLehk8sGWS2IuncLv0/Wxl1a1VtvQagLDtGNBw3SNbi7893PPxWT8dac+cuHA/N4V25BQL6pHF7IVjdaZFB3Q==",
      "license": "MIT",
      "dependencies": {
        "@datastructures-js/binary-search-tree": "^5.3.1",
        "@datastructures-js/deque": "^1.0.4",
        "@datastructures-js/graph": "^5.3.0",
        "@datastructures-js/heap": "^4.3.2",
        "@datastructures-js/linked-list": "^6.1.0",
        "@datastructures-js/priority-queue": "^6.3.0",
        "@datastructures-js/queue": "^4.2.3",
        "@datastructures-js/set": "^4.2.1",
        "@datastructures-js/stack": "^3.1.4",
        "@datastructures-js/trie": "^4.2.2"
      }
    }
  }
}
