# THIS IS AN AUTOGENERATED FILE. DO NOT EDIT THIS FILE DIRECTLY.
# yarn lockfile v1


"@datastructures-js/binary-search-tree@^5.3.1":
  version "5.4.0"
  resolved "https://registry.yarnpkg.com/@datastructures-js/binary-search-tree/-/binary-search-tree-5.4.0.tgz#4a42e072bbda294a258d0cde6c30912a5b52ea5c"
  integrity sha512-dPmPRRgAEvfC1+xq9voBJcIanbXZbaOR1908R6RfhceXignnlCL1wX7LToPVHSKVCb+bGa+tAbK22cit0BLWDA==

"@datastructures-js/deque@^1.0.4":
  version "1.0.8"
  resolved "https://registry.yarnpkg.com/@datastructures-js/deque/-/deque-1.0.8.tgz#7ef2b655821ea24b1677ff01895a8fdb8a26d3c7"
  integrity sha512-PSBhJ2/SmeRPRHuBv7i/fHWIdSC3JTyq56qb+Rq0wjOagi0/fdV5/B/3Md5zFZus/W6OkSPMaxMKKMNMrSmubg==

"@datastructures-js/graph@^5.3.0":
  version "5.3.1"
  resolved "https://registry.yarnpkg.com/@datastructures-js/graph/-/graph-5.3.1.tgz#275f39ac7a00a6c15071de155e56c9d464821aea"
  integrity sha512-tFuysPL+PKxaLitXcHeWZOwOwmSIaa5OzBh4CNSwYYnAVZRxItl50LiX432+AMo+WZLYpDEhTyXtLVlt3qtc9w==
  dependencies:
    "@datastructures-js/queue" "^3.1.3"

"@datastructures-js/heap@^4.3.2", "@datastructures-js/heap@^4.3.7":
  version "4.3.7"
  resolved "https://registry.yarnpkg.com/@datastructures-js/heap/-/heap-4.3.7.tgz#76f9b345f7197bbe2799d8b8c2f848e472b1bf06"
  integrity sha512-Dx4un7Uj0dVxkfoq4RkpzsY2OrvNJgQYZ3n3UlGdl88RxxdHd7oTi21/l3zoxUUe0sXFuNUrfmWqlHzqnoN6Ug==

"@datastructures-js/linked-list@^6.1.0":
  version "6.1.4"
  resolved "https://registry.yarnpkg.com/@datastructures-js/linked-list/-/linked-list-6.1.4.tgz#114c3cf3d95894e5a02e01923548d833c8567794"
  integrity sha512-lwM6KDBPgV9xxJMzozCqZzdofzc0fx8FPjNfrWDf8+u8Fm7zcjksvXrv6Z9dA2Kg40HZIUKqLPaQriqLhhAisg==

"@datastructures-js/priority-queue@^6.3.0":
  version "6.3.5"
  resolved "https://registry.yarnpkg.com/@datastructures-js/priority-queue/-/priority-queue-6.3.5.tgz#658b442af2be24e73dbe2c18f3455520c4ed6aea"
  integrity sha512-NmdmvLnkUyG67W6Iy8tP+865ILq5VDyZh90c8lHMOkYYydUNzOV0QNPCRAuj4AoHSm/V2DeuYvDKnvALaCwLvA==
  dependencies:
    "@datastructures-js/heap" "^4.3.7"

"@datastructures-js/queue@^3.1.3":
  version "3.1.4"
  resolved "https://registry.yarnpkg.com/@datastructures-js/queue/-/queue-3.1.4.tgz#785bcbe29af6003934fd0e7849295d62543dba5d"
  integrity sha512-8QqkdAJQDDd25OBX28lKj7HXD+Cxs6Ee0ogJkZUjD5R1fAvRAWsrCeKop0szqANYjMwdQQd75vyc3Cm8qNJH+Q==

"@datastructures-js/queue@^4.2.3":
  version "4.3.0"
  resolved "https://registry.yarnpkg.com/@datastructures-js/queue/-/queue-4.3.0.tgz#3aca391aa7d8d3c81edc0fe333c608748f77b0aa"
  integrity sha512-2RYt1+N4dtdcilwmB+A6j9HT/5MImHSK2UUjBA8WQAHoA2AEJC4YxJSSGhGTOBMyLMKpMiowwTrnB315YgtTrA==

"@datastructures-js/set@^4.2.1":
  version "4.2.2"
  resolved "https://registry.yarnpkg.com/@datastructures-js/set/-/set-4.2.2.tgz#3313548cccfd39fac6c861307820a743c11ade43"
  integrity sha512-6TilB1kZV3elcT3PiXnzBzjgf+HqcfcbyPjL3q7fubIpaKwFF1qSjJjzXdE7s8utA6ptyQrhQiU6knhVPcDZMA==

"@datastructures-js/stack@^3.1.4":
  version "3.1.6"
  resolved "https://registry.yarnpkg.com/@datastructures-js/stack/-/stack-3.1.6.tgz#e32f99152a16d79ac939cab47927ffc5c7736868"
  integrity sha512-HtArTBadxEK8j/whIuXanzoCj9VPz7BXJOn5n4ktr7K+DtGryrCLERZczbN35WujqEwIjIdVTTbxGoma1qGDuQ==

"@datastructures-js/trie@^4.2.2":
  version "4.2.3"
  resolved "https://registry.yarnpkg.com/@datastructures-js/trie/-/trie-4.2.3.tgz#7af5d6ddb8d7533c56e9df0cd85bfea72d411cf4"
  integrity sha512-4Iu2okR18BE3d/KQBKnpGZ+98cv/EwYl7wSwOU4yICxjSJfjUJixugBjh3kPhHe9Qf652qVDN/Ugp2dj4ak68w==

datastructures-js@^13.0.0:
  version "13.0.0"
  resolved "https://registry.yarnpkg.com/datastructures-js/-/datastructures-js-13.0.0.tgz#9feb1a35e34b9a9e190c501d839e2513fbc0efdc"
  integrity sha512-3KLehk8sGWS2IuncLv0/Wxl1a1VtvQagLDtGNBw3SNbi7893PPxWT8dac+cuHA/N4V25BQL6pHF7IVjdaZFB3Q==
  dependencies:
    "@datastructures-js/binary-search-tree" "^5.3.1"
    "@datastructures-js/deque" "^1.0.4"
    "@datastructures-js/graph" "^5.3.0"
    "@datastructures-js/heap" "^4.3.2"
    "@datastructures-js/linked-list" "^6.1.0"
    "@datastructures-js/priority-queue" "^6.3.0"
    "@datastructures-js/queue" "^4.2.3"
    "@datastructures-js/set" "^4.2.1"
    "@datastructures-js/stack" "^3.1.4"
    "@datastructures-js/trie" "^4.2.2"
